<?xml version="1.0" encoding="UTF-8"?>
<Scheme LastUpgradeVersion="1600" version="1.3">
<BuildAction parallelizeBuildables="YES" buildImplicitDependencies="YES"><BuildActionEntries><BuildActionEntry buildForTesting="YES" buildForRunning="YES" buildForProfiling="YES" buildForArchiving="YES" buildForAnalyzing="YES"><BuildableReference BuildableIdentifier="primary" BlueprintIdentifier="B902F7C2327297FC583709E1" BuildableName="Shiqi.app" BlueprintName="Shiqi" ReferencedContainer="container:Shiqi.xcodeproj"/></BuildActionEntry></BuildActionEntries></BuildAction>
<TestAction buildConfiguration="Debug" selectedDebuggerIdentifier="Xcode.DebuggerFoundation.Debugger.LLDB" selectedLauncherIdentifier="Xcode.IDEFoundation.Launcher.LLDB" shouldUseLaunchSchemeArgsEnv="NO"><Testables><TestableReference skipped="NO"><BuildableReference BuildableIdentifier="primary" BlueprintIdentifier="03551B71F4545C12E375EFED" BuildableName="DeadlineCoreIOSTests.xctest" BlueprintName="DeadlineCoreIOSTests" ReferencedContainer="container:Shiqi.xcodeproj"/></TestableReference><TestableReference skipped="NO"><BuildableReference BuildableIdentifier="primary" BlueprintIdentifier="EC5331A3FB474274F1F3EA71" BuildableName="ShiqiUITests.xctest" BlueprintName="ShiqiUITests" ReferencedContainer="container:Shiqi.xcodeproj"/></TestableReference></Testables><CommandLineArguments><CommandLineArgument argument="--ui-testing" isEnabled="YES"/></CommandLineArguments></TestAction>
<LaunchAction buildConfiguration="Debug" selectedDebuggerIdentifier="Xcode.DebuggerFoundation.Debugger.LLDB" selectedLauncherIdentifier="Xcode.IDEFoundation.Launcher.LLDB" launchStyle="0" useCustomWorkingDirectory="NO" ignoresPersistentStateOnLaunch="NO" debugServiceExtension="internal" allowLocationSimulation="YES"><BuildableProductRunnable runnableDebuggingMode="0"><BuildableReference BuildableIdentifier="primary" BlueprintIdentifier="B902F7C2327297FC583709E1" BuildableName="Shiqi.app" BlueprintName="Shiqi" ReferencedContainer="container:Shiqi.xcodeproj"/></BuildableProductRunnable></LaunchAction>
<ProfileAction buildConfiguration="Release" shouldUseLaunchSchemeArgsEnv="YES" savedToolIdentifier="" useCustomWorkingDirectory="NO" debugServiceExtension="internal"><BuildableProductRunnable runnableDebuggingMode="0"><BuildableReference BuildableIdentifier="primary" BlueprintIdentifier="B902F7C2327297FC583709E1" BuildableName="Shiqi.app" BlueprintName="Shiqi" ReferencedContainer="container:Shiqi.xcodeproj"/></BuildableProductRunnable></ProfileAction>
<AnalyzeAction buildConfiguration="Debug"/><ArchiveAction buildConfiguration="Release" revealArchiveInOrganizer="YES"/>
</Scheme>